{
  "name": "mortus-server",
  "version": "0.0.0",
  "lockfileVersion": 3,
  "requires": true,
  "packages": {
    "": {
      "name": "mortus-server",
      "version": "0.0.0",
      "dependencies": {
        "moxfield-api": "^1.0.1",
        "ws": "^8.18.0"
      }
    },
    "node_modules/moxfield-api": {
      "version": "1.0.1",
      "resolved": "https://registry.npmjs.org/moxfield-api/-/moxfield-api-1.0.1.tgz",
      "integrity": "sha512-POUJ+Z6g7nnwBMUohp8YpNatZEqIpvrCgdh15N7Lt4S4fT5vFd+n5JKKpN/oTQUiXUc17t3z5oQNLbIZ5NJYJQ==",
      "license": "MIT",
      "dependencies": {
        "zod": "^4.0.2",
        "zod-fetch": "^0.1.1"
      }
    },
    "node_modules/ws": {
      "version": "8.18.3",
      "resolved": "https://registry.npmjs.org/ws/-/ws-8.18.3.tgz",
      "integrity": "sha512-PEIGCY5tSlUt50cqyMXfCzX+oOPqN0vuGqWzbcJ2xvnkzkq46oOpz7dQaTDBdfICb4N14+GARUDw2XV2N4tvzg==",
      "license": "MIT",
      "engines": {
        "node": ">=10.0.0"
      },
      "peerDependencies": {
        "bufferutil": "^4.0.1",
        "utf-8-validate": ">=5.0.2"
      },
      "peerDependenciesMeta": {
        "bufferutil": {
          "optional": true
        },
        "utf-8-validate": {
          "optional": true
        }
      }
    },
    "node_modules/zod": {
      "version": "4.1.12",
      "resolved": "https://registry.npmjs.org/zod/-/zod-4.1.12.tgz",
      "integrity": "sha512-JInaHOamG8pt5+Ey8kGmdcAcg3OL9reK8ltczgHTAwNhMys/6ThXHityHxVV2p3fkw/c+MAvBHFVYHFZDmjMCQ==",
      "license": "MIT",
      "funding": {
        "url": "https://github.com/sponsors/colinhacks"
      }
    },
    "node_modules/zod-fetch": {
      "version": "0.1.1",
      "resolved": "https://registry.npmjs.org/zod-fetch/-/zod-fetch-0.1.1.tgz",
      "integrity": "sha512-1YqEhqjIQuatiHGCiKceAEzLrd2PZAN/Y8lWSlhkec2nDuImePieFWX33WSB+c1E4P/kEiai7rb8upBMdjFo1w==",
      "license": "MIT"
    }
  }
}
